<?xml version="1.0" encoding="utf-8"?>
<Project ToolsVersion="4.0" xmlns="http://schemas.microsoft.com/developer/msbuild/2003">
  <ItemGroup>
    <Filter Include="Source Files">
      <UniqueIdentifier>{4FC737F1-C7A5-4376-A066-2A32D752A2FF}</UniqueIdentifier>
      <Extensions>cpp;c;cc;cxx;c++;cppm;ixx;def;odl;idl;hpj;bat;asm;asmx</Extensions>
    </Filter>
    <Filter Include="Header Files">
      <UniqueIdentifier>{93995380-89BD-4b04-88EB-625FBE52EBFB}</UniqueIdentifier>
      <Extensions>h;hh;hpp;hxx;h++;hm;inl;inc;ipp;xsd</Extensions>
    </Filter>
    <Filter Include="Resource Files">
      <UniqueIdentifier>{67DA6AB6-F800-4c08-8B7A-83BB121AAD01}</UniqueIdentifier>
      <Extensions>rc;ico;cur;bmp;dlg;rc2;rct;bin;rgs;gif;jpg;jpeg;jpe;resx;tiff;tif;png;wav;mfcribbon-ms</Extensions>
    </Filter>
    <Filter Include="Header Files\core">
      <UniqueIdentifier>{171c0e67-5afb-402b-aa56-907ca8a4b96b}</UniqueIdentifier>
    </Filter>
    <Filter Include="Source Files\core">
      <UniqueIdentifier>{596055db-c138-463d-9c77-7ead2d2f1f46}</UniqueIdentifier>
    </Filter>
    <Filter Include="Header Files\test">
      <UniqueIdentifier>{cfa467e3-4a0d-43bb-8e9a-d8440660455c}</UniqueIdentifier>
    </Filter>
    <Filter Include="Source Files\test">
      <UniqueIdentifier>{0bfa6a5d-1e55-4304-a646-c0739429b2a7}</UniqueIdentifier>
    </Filter>
    <Filter Include="Source Files\repl">
      <UniqueIdentifier>{88741e9b-0de1-49c0-9789-129564c4a20a}</UniqueIdentifier>
    </Filter>
    <Filter Include="Header Files\repl">
      <UniqueIdentifier>{afa332cb-f8fd-494b-921a-506dee1abd3a}</UniqueIdentifier>
    </Filter>
  </ItemGroup>
  <ItemGroup>
    <ClCompile Include="main.c">
      <Filter>Source Files</Filter>
    </ClCompile>
    <ClCompile Include="core\AbstractSyntaxTree.c">
      <Filter>Source Files\core</Filter>
    </ClCompile>
    <ClCompile Include="core\Context.c">
      <Filter>Source Files\core</Filter>
    </ClCompile>
    <ClCompile Include="core\eval.c">
      <Filter>Source Files\core</Filter>
    </ClCompile>
    <ClCompile Include="core\Operators.c">
      <Filter>Source Files\core</Filter>
    </ClCompile>
    <ClCompile Include="core\Parser.c">
      <Filter>Source Files\core</Filter>
    </ClCompile>
    <ClCompile Include="test\ContextTest.c">
      <Filter>Source Files\test</Filter>
    </ClCompile>
    <ClCompile Include="test\ParserTest.c">
      <Filter>Source Files\test</Filter>
    </ClCompile>
    <ClCompile Include="test\TestCollector.c">
      <Filter>Source Files\test</Filter>
    </ClCompile>
    <ClCompile Include="test\TestRunnerTest.c">
      <Filter>Source Files\test</Filter>
    </ClCompile>
    <ClCompile Include="test\TokenStreamTest.c">
      <Filter>Source Files\test</Filter>
    </ClCompile>
    <ClCompile Include="test\utilTest.c">
      <Filter>Source Files\test</Filter>
    </ClCompile>
    <ClCompile Include="core\Testing.c">
      <Filter>Source Files\test</Filter>
    </ClCompile>
    <ClCompile Include="core\tokenizer.c">
      <Filter>Source Files\core</Filter>
    </ClCompile>
    <ClCompile Include="core\repl.c">
      <Filter>Source Files\repl</Filter>
    </ClCompile>
    <ClCompile Include="util\util.c">
      <Filter>Source Files\core</Filter>
    </ClCompile>
    <ClCompile Include="core\FunctionContext.c">
      <Filter>Source Files</Filter>
    </ClCompile>
    <ClCompile Include="core\FileParser.c">
      <Filter>Source Files</Filter>
    </ClCompile>
    <ClCompile Include="Source.h">
      <Filter>Source Files</Filter>
    </ClCompile>
    <ClCompile Include="core\basetype_operators.c">
      <Filter>Source Files</Filter>
    </ClCompile>
  </ItemGroup>
  <ItemGroup>
    <ClInclude Include="core\inc\AbstractSyntaxTree.h">
      <Filter>Header Files\core</Filter>
    </ClInclude>
    <ClInclude Include="core\inc\Context.h">
      <Filter>Header Files\core</Filter>
    </ClInclude>
    <ClInclude Include="core\inc\eval.h">
      <Filter>Header Files\core</Filter>
    </ClInclude>
    <ClInclude Include="core\inc\Operators.h">
      <Filter>Header Files\core</Filter>
    </ClInclude>
    <ClInclude Include="core\inc\Parser.h">
      <Filter>Header Files\core</Filter>
    </ClInclude>
    <ClInclude Include="core\inc\Tokenizer.h">
      <Filter>Header Files\core</Filter>
    </ClInclude>
    <ClInclude Include="core\inc\Testing.h">
      <Filter>Header Files\test</Filter>
    </ClInclude>
    <ClInclude Include="core\inc\repl.h">
      <Filter>Header Files\repl</Filter>
    </ClInclude>
    <ClInclude Include="core\inc\TestCollector.h">
      <Filter>Header Files\test</Filter>
    </ClInclude>
    <ClInclude Include="core\inc\util.h">
      <Filter>Header Files\core</Filter>
    </ClInclude>
    <ClInclude Include="core\enums\language.h">
      <Filter>Header Files\core</Filter>
    </ClInclude>
    <ClInclude Include="core\inc\FunctionContext.h">
      <Filter>Header Files</Filter>
    </ClInclude>
    <ClInclude Include="core\inc\FileParser.h">
      <Filter>Header Files</Filter>
    </ClInclude>
    <ClInclude Include="core\inc\basetype_operators.h">
      <Filter>Header Files</Filter>
    </ClInclude>
  </ItemGroup>
</Project>